// !$*UTF8*$!
{
	archiveVersion = 1;
	classes = {
	};
	objectVersion = 55;
	objects = {

/* Begin PBXBuildFile section */
		116BEAD2D160923660177ED3 /* Pods_LoaMate_LoaMateUITests.framework in Frameworks */ = {isa = PBXBuildFile; fileRef = DC13148D2F1DAF562596CA57 /* Pods_LoaMate_LoaMateUITests.framework */; };
		225C3DC9295AD31208FCCFFB /* Pods_LoaMateTests.framework in Frameworks */ = {isa = PBXBuildFile; fileRef = 0789A23B7BC3E28FE85C6348 /* Pods_LoaMateTests.framework */; };
		40150E539080AB53F57EC287 /* Pods_LoaMate.framework in Frameworks */ = {isa = PBXBuildFile; fileRef = 156EBA8B854B9CA8F54FC547 /* Pods_LoaMate.framework */; };
		985BFFA82940A71800D86106 /* UserData.swift in Sources */ = {isa = PBXBuildFile; fileRef = 985BFFA72940A71800D86106 /* UserData.swift */; };
		985BFFAD2941931D00D86106 /* InputCharacterRouter.swift in Sources */ = {isa = PBXBuildFile; fileRef = 985BFFA92941931D00D86106 /* InputCharacterRouter.swift */; };
		985BFFAE2941931D00D86106 /* InputCharacterViewController.swift in Sources */ = {isa = PBXBuildFile; fileRef = 985BFFAA2941931D00D86106 /* InputCharacterViewController.swift */; };
		985BFFAF2941931D00D86106 /* InputCharacterBuilder.swift in Sources */ = {isa = PBXBuildFile; fileRef = 985BFFAB2941931D00D86106 /* InputCharacterBuilder.swift */; };
		985BFFB02941931D00D86106 /* InputCharacterInteractor.swift in Sources */ = {isa = PBXBuildFile; fileRef = 985BFFAC2941931D00D86106 /* InputCharacterInteractor.swift */; };
		985BFFB52941975500D86106 /* Icons.xcassets in Resources */ = {isa = PBXBuildFile; fileRef = 985BFFB42941975500D86106 /* Icons.xcassets */; };
		985BFFBB294199AC00D86106 /* Icons+Generated.swift in Sources */ = {isa = PBXBuildFile; fileRef = 985BFFBA294199AC00D86106 /* Icons+Generated.swift */; };
		985BFFBD29419C8E00D86106 /* Colors.swift in Sources */ = {isa = PBXBuildFile; fileRef = 985BFFBC29419C8E00D86106 /* Colors.swift */; };
		985BFFBF29419CDA00D86106 /* NaviView.swift in Sources */ = {isa = PBXBuildFile; fileRef = 985BFFBE29419CDA00D86106 /* NaviView.swift */; };
		985BFFC129419D8500D86106 /* Fonts.swift in Sources */ = {isa = PBXBuildFile; fileRef = 985BFFC029419D8500D86106 /* Fonts.swift */; };
		985BFFC72941A3B200D86106 /* SetCharactersRouter.swift in Sources */ = {isa = PBXBuildFile; fileRef = 985BFFC32941A3B200D86106 /* SetCharactersRouter.swift */; };
		985BFFC82941A3B200D86106 /* SetCharactersViewController.swift in Sources */ = {isa = PBXBuildFile; fileRef = 985BFFC42941A3B200D86106 /* SetCharactersViewController.swift */; };
		985BFFC92941A3B200D86106 /* SetCharactersBuilder.swift in Sources */ = {isa = PBXBuildFile; fileRef = 985BFFC52941A3B200D86106 /* SetCharactersBuilder.swift */; };
		985BFFCA2941A3B200D86106 /* SetCharactersInteractor.swift in Sources */ = {isa = PBXBuildFile; fileRef = 985BFFC62941A3B200D86106 /* SetCharactersInteractor.swift */; };
		985BFFCC2941AE7800D86106 /* SetCharactersCell.swift in Sources */ = {isa = PBXBuildFile; fileRef = 985BFFCB2941AE7700D86106 /* SetCharactersCell.swift */; };
		985BFFCF2941B54F00D86106 /* AppleSDGothicNeoH.ttf in Resources */ = {isa = PBXBuildFile; fileRef = 985BFFCE2941B53700D86106 /* AppleSDGothicNeoH.ttf */; };
		985BFFD02941B54F00D86106 /* Montserrat ExtraBold.ttf in Resources */ = {isa = PBXBuildFile; fileRef = 985BFFB7294197C400D86106 /* Montserrat ExtraBold.ttf */; };
		985BFFD12941B54F00D86106 /* AppleSDGothicNeoEB.ttf in Resources */ = {isa = PBXBuildFile; fileRef = 985BFFCD2941B53700D86106 /* AppleSDGothicNeoEB.ttf */; };
		985BFFD32941EC6300D86106 /* Main.storyboard in Resources */ = {isa = PBXBuildFile; fileRef = 985BFFD22941EC6300D86106 /* Main.storyboard */; };
		985BFFD52941EEEB00D86106 /* MainCell.swift in Sources */ = {isa = PBXBuildFile; fileRef = 985BFFD42941EEEB00D86106 /* MainCell.swift */; };
		985BFFD72941EF6B00D86106 /* Shadow.swift in Sources */ = {isa = PBXBuildFile; fileRef = 985BFFD62941EF6B00D86106 /* Shadow.swift */; };
		985BFFD92942037900D86106 /* Label+Util.swift in Sources */ = {isa = PBXBuildFile; fileRef = 985BFFD82942037900D86106 /* Label+Util.swift */; };
		985BFFDF294225AB00D86106 /* DetailRouter.swift in Sources */ = {isa = PBXBuildFile; fileRef = 985BFFDB294225AB00D86106 /* DetailRouter.swift */; };
		985BFFE0294225AB00D86106 /* DetailViewController.swift in Sources */ = {isa = PBXBuildFile; fileRef = 985BFFDC294225AB00D86106 /* DetailViewController.swift */; };
		985BFFE1294225AB00D86106 /* DetailBuilder.swift in Sources */ = {isa = PBXBuildFile; fileRef = 985BFFDD294225AB00D86106 /* DetailBuilder.swift */; };
		985BFFE2294225AB00D86106 /* DetailInteractor.swift in Sources */ = {isa = PBXBuildFile; fileRef = 985BFFDE294225AB00D86106 /* DetailInteractor.swift */; };
		FCE82A0629405A4800442771 /* AppDelegate.swift in Sources */ = {isa = PBXBuildFile; fileRef = FCE82A0529405A4800442771 /* AppDelegate.swift */; };
		FCE82A0F29405A4900442771 /* Assets.xcassets in Resources */ = {isa = PBXBuildFile; fileRef = FCE82A0E29405A4900442771 /* Assets.xcassets */; };
		FCE82A1229405A4900442771 /* LaunchScreen.storyboard in Resources */ = {isa = PBXBuildFile; fileRef = FCE82A1029405A4900442771 /* LaunchScreen.storyboard */; };
		FCE82A1D29405A4A00442771 /* LoaMateTests.swift in Sources */ = {isa = PBXBuildFile; fileRef = FCE82A1C29405A4A00442771 /* LoaMateTests.swift */; };
		FCE82A2729405A4A00442771 /* LoaMateUITests.swift in Sources */ = {isa = PBXBuildFile; fileRef = FCE82A2629405A4A00442771 /* LoaMateUITests.swift */; };
		FCE82A2929405A4A00442771 /* LoaMateUITestsLaunchTests.swift in Sources */ = {isa = PBXBuildFile; fileRef = FCE82A2829405A4A00442771 /* LoaMateUITestsLaunchTests.swift */; };
		FCE82A3829405EA100442771 /* AppComponent.swift in Sources */ = {isa = PBXBuildFile; fileRef = FCE82A3729405EA100442771 /* AppComponent.swift */; };
		FCE82A3A29405EB000442771 /* AppRootRouter.swift in Sources */ = {isa = PBXBuildFile; fileRef = FCE82A3929405EB000442771 /* AppRootRouter.swift */; };
		FCE82A3C29405F1D00442771 /* AppRootBuilder.swift in Sources */ = {isa = PBXBuildFile; fileRef = FCE82A3B29405F1D00442771 /* AppRootBuilder.swift */; };
		FCE82A3E29405F4700442771 /* AppRootInteractor.swift in Sources */ = {isa = PBXBuildFile; fileRef = FCE82A3D29405F4700442771 /* AppRootInteractor.swift */; };
		FCE82A4029405F7B00442771 /* AppRootComponent.swift in Sources */ = {isa = PBXBuildFile; fileRef = FCE82A3F29405F7B00442771 /* AppRootComponent.swift */; };
		FCE82A4229405FA000442771 /* AppRootViewController.swift in Sources */ = {isa = PBXBuildFile; fileRef = FCE82A4129405FA000442771 /* AppRootViewController.swift */; };
		FCE82A4429405FBE00442771 /* RootTabBarController.swift in Sources */ = {isa = PBXBuildFile; fileRef = FCE82A4329405FBE00442771 /* RootTabBarController.swift */; };
		FCE82A492940602500442771 /* RIBs+Util.swift in Sources */ = {isa = PBXBuildFile; fileRef = FCE82A482940602500442771 /* RIBs+Util.swift */; };
		FCE82A4B2940603300442771 /* AdaptivePresentationControllerDelegate.swift in Sources */ = {isa = PBXBuildFile; fileRef = FCE82A4A2940603300442771 /* AdaptivePresentationControllerDelegate.swift */; };
		FCE82A4C2940618C00442771 /* AppRootRouter.swift in Sources */ = {isa = PBXBuildFile; fileRef = FCE82A3929405EB000442771 /* AppRootRouter.swift */; };
		FCE82A4E2940624C00442771 /* GoogleService-Info.plist in Resources */ = {isa = PBXBuildFile; fileRef = FCE82A4D2940624C00442771 /* GoogleService-Info.plist */; };
		FCE82A5829406A4C00442771 /* LoginRouter.swift in Sources */ = {isa = PBXBuildFile; fileRef = FCE82A5429406A4C00442771 /* LoginRouter.swift */; };
		FCE82A5929406A4C00442771 /* LoginViewController.swift in Sources */ = {isa = PBXBuildFile; fileRef = FCE82A5529406A4C00442771 /* LoginViewController.swift */; };
		FCE82A5A29406A4C00442771 /* LoginBuilder.swift in Sources */ = {isa = PBXBuildFile; fileRef = FCE82A5629406A4C00442771 /* LoginBuilder.swift */; };
		FCE82A5B29406A4C00442771 /* LoginInteractor.swift in Sources */ = {isa = PBXBuildFile; fileRef = FCE82A5729406A4C00442771 /* LoginInteractor.swift */; };
		FCE82A5D29406E0900442771 /* AppleLoginManager.swift in Sources */ = {isa = PBXBuildFile; fileRef = FCE82A5C29406E0900442771 /* AppleLoginManager.swift */; };
		FCE82A6029407A4100442771 /* Realm+Util.swift in Sources */ = {isa = PBXBuildFile; fileRef = FCE82A5F29407A4100442771 /* Realm+Util.swift */; };
		FCE82A6329407A7400442771 /* LoaMateRepository.swift in Sources */ = {isa = PBXBuildFile; fileRef = FCE82A6229407A7400442771 /* LoaMateRepository.swift */; };
		FCE82A6629407B2600442771 /* UserEmailModel.swift in Sources */ = {isa = PBXBuildFile; fileRef = FCE82A6529407B2600442771 /* UserEmailModel.swift */; };
		FCE82A692940842A00442771 /* LostarkAPI.swift in Sources */ = {isa = PBXBuildFile; fileRef = FCE82A682940842A00442771 /* LostarkAPI.swift */; };
		FCE82A6B2940876700442771 /* CharaterInfoModel.swift in Sources */ = {isa = PBXBuildFile; fileRef = FCE82A6A2940876700442771 /* CharaterInfoModel.swift */; };
		FCE82A7229408C7900442771 /* MainRouter.swift in Sources */ = {isa = PBXBuildFile; fileRef = FCE82A6E29408C7900442771 /* MainRouter.swift */; };
		FCE82A7329408C7900442771 /* MainViewController.swift in Sources */ = {isa = PBXBuildFile; fileRef = FCE82A6F29408C7900442771 /* MainViewController.swift */; };
		FCE82A7429408C7900442771 /* MainBuilder.swift in Sources */ = {isa = PBXBuildFile; fileRef = FCE82A7029408C7900442771 /* MainBuilder.swift */; };
		FCE82A7529408C7900442771 /* MainInteractor.swift in Sources */ = {isa = PBXBuildFile; fileRef = FCE82A7129408C7900442771 /* MainInteractor.swift */; };
		FCE82A7A29408DBA00442771 /* BoxButton.swift in Sources */ = {isa = PBXBuildFile; fileRef = FCE82A7929408DBA00442771 /* BoxButton.swift */; };
		FCE82A7C29408F8700442771 /* ArmoryProfileModel.swift in Sources */ = {isa = PBXBuildFile; fileRef = FCE82A7B29408F8700442771 /* ArmoryProfileModel.swift */; };
		FCE82A82294092CE00442771 /* UIApplication+Util.swift in Sources */ = {isa = PBXBuildFile; fileRef = FCE82A81294092CD00442771 /* UIApplication+Util.swift */; };
/* End PBXBuildFile section */

/* Begin PBXContainerItemProxy section */
		FCE82A1929405A4A00442771 /* PBXContainerItemProxy */ = {
			isa = PBXContainerItemProxy;
			containerPortal = FCE829FA29405A4700442771 /* Project object */;
			proxyType = 1;
			remoteGlobalIDString = FCE82A0129405A4800442771;
			remoteInfo = LoaMate;
		};
		FCE82A2329405A4A00442771 /* PBXContainerItemProxy */ = {
			isa = PBXContainerItemProxy;
			containerPortal = FCE829FA29405A4700442771 /* Project object */;
			proxyType = 1;
			remoteGlobalIDString = FCE82A0129405A4800442771;
			remoteInfo = LoaMate;
		};
/* End PBXContainerItemProxy section */

/* Begin PBXFileReference section */
		00E9628C0FCCA73EDBDEE6DE /* Pods-LoaMate-LoaMateUITests.release.xcconfig */ = {isa = PBXFileReference; includeInIndex = 1; lastKnownFileType = text.xcconfig; name = "Pods-LoaMate-LoaMateUITests.release.xcconfig"; path = "Target Support Files/Pods-LoaMate-LoaMateUITests/Pods-LoaMate-LoaMateUITests.release.xcconfig"; sourceTree = "<group>"; };
		0789A23B7BC3E28FE85C6348 /* Pods_LoaMateTests.framework */ = {isa = PBXFileReference; explicitFileType = wrapper.framework; includeInIndex = 0; path = Pods_LoaMateTests.framework; sourceTree = BUILT_PRODUCTS_DIR; };
		156EBA8B854B9CA8F54FC547 /* Pods_LoaMate.framework */ = {isa = PBXFileReference; explicitFileType = wrapper.framework; includeInIndex = 0; path = Pods_LoaMate.framework; sourceTree = BUILT_PRODUCTS_DIR; };
		54FCBF1EAC85AB6CE8D9FAAC /* Pods-LoaMate.release.xcconfig */ = {isa = PBXFileReference; includeInIndex = 1; lastKnownFileType = text.xcconfig; name = "Pods-LoaMate.release.xcconfig"; path = "Target Support Files/Pods-LoaMate/Pods-LoaMate.release.xcconfig"; sourceTree = "<group>"; };
		8A142573678A7CE02BBDFBA0 /* Pods-LoaMate.debug.xcconfig */ = {isa = PBXFileReference; includeInIndex = 1; lastKnownFileType = text.xcconfig; name = "Pods-LoaMate.debug.xcconfig"; path = "Target Support Files/Pods-LoaMate/Pods-LoaMate.debug.xcconfig"; sourceTree = "<group>"; };
		8CA716B73D7F6C61F6303D02 /* Pods-LoaMateTests.debug.xcconfig */ = {isa = PBXFileReference; includeInIndex = 1; lastKnownFileType = text.xcconfig; name = "Pods-LoaMateTests.debug.xcconfig"; path = "Target Support Files/Pods-LoaMateTests/Pods-LoaMateTests.debug.xcconfig"; sourceTree = "<group>"; };
		985BFFA72940A71800D86106 /* UserData.swift */ = {isa = PBXFileReference; lastKnownFileType = sourcecode.swift; path = UserData.swift; sourceTree = "<group>"; };
		985BFFA92941931D00D86106 /* InputCharacterRouter.swift */ = {isa = PBXFileReference; lastKnownFileType = sourcecode.swift; name = InputCharacterRouter.swift; path = LoaMate/Home/InputCharacter/InputCharacterRouter.swift; sourceTree = SOURCE_ROOT; };
		985BFFAA2941931D00D86106 /* InputCharacterViewController.swift */ = {isa = PBXFileReference; lastKnownFileType = sourcecode.swift; name = InputCharacterViewController.swift; path = LoaMate/Home/InputCharacter/InputCharacterViewController.swift; sourceTree = SOURCE_ROOT; };
		985BFFAB2941931D00D86106 /* InputCharacterBuilder.swift */ = {isa = PBXFileReference; lastKnownFileType = sourcecode.swift; name = InputCharacterBuilder.swift; path = LoaMate/Home/InputCharacter/InputCharacterBuilder.swift; sourceTree = SOURCE_ROOT; };
		985BFFAC2941931D00D86106 /* InputCharacterInteractor.swift */ = {isa = PBXFileReference; lastKnownFileType = sourcecode.swift; name = InputCharacterInteractor.swift; path = LoaMate/Home/InputCharacter/InputCharacterInteractor.swift; sourceTree = SOURCE_ROOT; };
		985BFFB42941975500D86106 /* Icons.xcassets */ = {isa = PBXFileReference; lastKnownFileType = folder.assetcatalog; path = Icons.xcassets; sourceTree = "<group>"; };
		985BFFB7294197C400D86106 /* Montserrat ExtraBold.ttf */ = {isa = PBXFileReference; lastKnownFileType = file; path = "Montserrat ExtraBold.ttf"; sourceTree = "<group>"; };
		985BFFBA294199AC00D86106 /* Icons+Generated.swift */ = {isa = PBXFileReference; lastKnownFileType = sourcecode.swift; path = "Icons+Generated.swift"; sourceTree = "<group>"; };
		985BFFBC29419C8E00D86106 /* Colors.swift */ = {isa = PBXFileReference; lastKnownFileType = sourcecode.swift; path = Colors.swift; sourceTree = "<group>"; };
		985BFFBE29419CDA00D86106 /* NaviView.swift */ = {isa = PBXFileReference; lastKnownFileType = sourcecode.swift; path = NaviView.swift; sourceTree = "<group>"; };
		985BFFC029419D8500D86106 /* Fonts.swift */ = {isa = PBXFileReference; lastKnownFileType = sourcecode.swift; path = Fonts.swift; sourceTree = "<group>"; };
		985BFFC32941A3B200D86106 /* SetCharactersRouter.swift */ = {isa = PBXFileReference; lastKnownFileType = sourcecode.swift; path = SetCharactersRouter.swift; sourceTree = "<group>"; };
		985BFFC42941A3B200D86106 /* SetCharactersViewController.swift */ = {isa = PBXFileReference; lastKnownFileType = sourcecode.swift; path = SetCharactersViewController.swift; sourceTree = "<group>"; };
		985BFFC52941A3B200D86106 /* SetCharactersBuilder.swift */ = {isa = PBXFileReference; lastKnownFileType = sourcecode.swift; path = SetCharactersBuilder.swift; sourceTree = "<group>"; };
		985BFFC62941A3B200D86106 /* SetCharactersInteractor.swift */ = {isa = PBXFileReference; lastKnownFileType = sourcecode.swift; path = SetCharactersInteractor.swift; sourceTree = "<group>"; };
		985BFFCB2941AE7700D86106 /* SetCharactersCell.swift */ = {isa = PBXFileReference; lastKnownFileType = sourcecode.swift; path = SetCharactersCell.swift; sourceTree = "<group>"; };
		985BFFCD2941B53700D86106 /* AppleSDGothicNeoEB.ttf */ = {isa = PBXFileReference; lastKnownFileType = file; path = AppleSDGothicNeoEB.ttf; sourceTree = "<group>"; };
		985BFFCE2941B53700D86106 /* AppleSDGothicNeoH.ttf */ = {isa = PBXFileReference; lastKnownFileType = file; path = AppleSDGothicNeoH.ttf; sourceTree = "<group>"; };
		985BFFD22941EC6300D86106 /* Main.storyboard */ = {isa = PBXFileReference; lastKnownFileType = file.storyboard; path = Main.storyboard; sourceTree = "<group>"; };
		985BFFD42941EEEB00D86106 /* MainCell.swift */ = {isa = PBXFileReference; lastKnownFileType = sourcecode.swift; path = MainCell.swift; sourceTree = "<group>"; };
		985BFFD62941EF6B00D86106 /* Shadow.swift */ = {isa = PBXFileReference; lastKnownFileType = sourcecode.swift; path = Shadow.swift; sourceTree = "<group>"; };
		985BFFD82942037900D86106 /* Label+Util.swift */ = {isa = PBXFileReference; lastKnownFileType = sourcecode.swift; path = "Label+Util.swift"; sourceTree = "<group>"; };
		985BFFDB294225AB00D86106 /* DetailRouter.swift */ = {isa = PBXFileReference; lastKnownFileType = sourcecode.swift; path = DetailRouter.swift; sourceTree = "<group>"; };
		985BFFDC294225AB00D86106 /* DetailViewController.swift */ = {isa = PBXFileReference; lastKnownFileType = sourcecode.swift; path = DetailViewController.swift; sourceTree = "<group>"; };
		985BFFDD294225AB00D86106 /* DetailBuilder.swift */ = {isa = PBXFileReference; lastKnownFileType = sourcecode.swift; path = DetailBuilder.swift; sourceTree = "<group>"; };
		985BFFDE294225AB00D86106 /* DetailInteractor.swift */ = {isa = PBXFileReference; lastKnownFileType = sourcecode.swift; path = DetailInteractor.swift; sourceTree = "<group>"; };
		9E7D45C3C378BB6AD84E2963 /* Pods-LoaMateTests.release.xcconfig */ = {isa = PBXFileReference; includeInIndex = 1; lastKnownFileType = text.xcconfig; name = "Pods-LoaMateTests.release.xcconfig"; path = "Target Support Files/Pods-LoaMateTests/Pods-LoaMateTests.release.xcconfig"; sourceTree = "<group>"; };
		A8E7147FEC4B0A11C7B8C7AD /* Pods-LoaMate-LoaMateUITests.debug.xcconfig */ = {isa = PBXFileReference; includeInIndex = 1; lastKnownFileType = text.xcconfig; name = "Pods-LoaMate-LoaMateUITests.debug.xcconfig"; path = "Target Support Files/Pods-LoaMate-LoaMateUITests/Pods-LoaMate-LoaMateUITests.debug.xcconfig"; sourceTree = "<group>"; };
		DC13148D2F1DAF562596CA57 /* Pods_LoaMate_LoaMateUITests.framework */ = {isa = PBXFileReference; explicitFileType = wrapper.framework; includeInIndex = 0; path = Pods_LoaMate_LoaMateUITests.framework; sourceTree = BUILT_PRODUCTS_DIR; };
		FCE82A0229405A4800442771 /* LoaMate.app */ = {isa = PBXFileReference; explicitFileType = wrapper.application; includeInIndex = 0; path = LoaMate.app; sourceTree = BUILT_PRODUCTS_DIR; };
		FCE82A0529405A4800442771 /* AppDelegate.swift */ = {isa = PBXFileReference; lastKnownFileType = sourcecode.swift; path = AppDelegate.swift; sourceTree = "<group>"; };
		FCE82A0E29405A4900442771 /* Assets.xcassets */ = {isa = PBXFileReference; lastKnownFileType = folder.assetcatalog; path = Assets.xcassets; sourceTree = "<group>"; };
		FCE82A1129405A4900442771 /* Base */ = {isa = PBXFileReference; lastKnownFileType = file.storyboard; name = Base; path = Base.lproj/LaunchScreen.storyboard; sourceTree = "<group>"; };
		FCE82A1329405A4900442771 /* Info.plist */ = {isa = PBXFileReference; lastKnownFileType = text.plist.xml; path = Info.plist; sourceTree = "<group>"; };
		FCE82A1829405A4A00442771 /* LoaMateTests.xctest */ = {isa = PBXFileReference; explicitFileType = wrapper.cfbundle; includeInIndex = 0; path = LoaMateTests.xctest; sourceTree = BUILT_PRODUCTS_DIR; };
		FCE82A1C29405A4A00442771 /* LoaMateTests.swift */ = {isa = PBXFileReference; lastKnownFileType = sourcecode.swift; path = LoaMateTests.swift; sourceTree = "<group>"; };
		FCE82A2229405A4A00442771 /* LoaMateUITests.xctest */ = {isa = PBXFileReference; explicitFileType = wrapper.cfbundle; includeInIndex = 0; path = LoaMateUITests.xctest; sourceTree = BUILT_PRODUCTS_DIR; };
		FCE82A2629405A4A00442771 /* LoaMateUITests.swift */ = {isa = PBXFileReference; lastKnownFileType = sourcecode.swift; path = LoaMateUITests.swift; sourceTree = "<group>"; };
		FCE82A2829405A4A00442771 /* LoaMateUITestsLaunchTests.swift */ = {isa = PBXFileReference; lastKnownFileType = sourcecode.swift; path = LoaMateUITestsLaunchTests.swift; sourceTree = "<group>"; };
		FCE82A3729405EA100442771 /* AppComponent.swift */ = {isa = PBXFileReference; lastKnownFileType = sourcecode.swift; path = AppComponent.swift; sourceTree = "<group>"; };
		FCE82A3929405EB000442771 /* AppRootRouter.swift */ = {isa = PBXFileReference; lastKnownFileType = sourcecode.swift; path = AppRootRouter.swift; sourceTree = "<group>"; };
		FCE82A3B29405F1D00442771 /* AppRootBuilder.swift */ = {isa = PBXFileReference; lastKnownFileType = sourcecode.swift; path = AppRootBuilder.swift; sourceTree = "<group>"; };
		FCE82A3D29405F4700442771 /* AppRootInteractor.swift */ = {isa = PBXFileReference; lastKnownFileType = sourcecode.swift; path = AppRootInteractor.swift; sourceTree = "<group>"; };
		FCE82A3F29405F7B00442771 /* AppRootComponent.swift */ = {isa = PBXFileReference; lastKnownFileType = sourcecode.swift; path = AppRootComponent.swift; sourceTree = "<group>"; };
		FCE82A4129405FA000442771 /* AppRootViewController.swift */ = {isa = PBXFileReference; lastKnownFileType = sourcecode.swift; path = AppRootViewController.swift; sourceTree = "<group>"; };
		FCE82A4329405FBE00442771 /* RootTabBarController.swift */ = {isa = PBXFileReference; lastKnownFileType = sourcecode.swift; path = RootTabBarController.swift; sourceTree = "<group>"; };
		FCE82A482940602500442771 /* RIBs+Util.swift */ = {isa = PBXFileReference; lastKnownFileType = sourcecode.swift; path = "RIBs+Util.swift"; sourceTree = "<group>"; };
		FCE82A4A2940603300442771 /* AdaptivePresentationControllerDelegate.swift */ = {isa = PBXFileReference; lastKnownFileType = sourcecode.swift; path = AdaptivePresentationControllerDelegate.swift; sourceTree = "<group>"; };
		FCE82A4D2940624C00442771 /* GoogleService-Info.plist */ = {isa = PBXFileReference; fileEncoding = 4; lastKnownFileType = text.plist.xml; path = "GoogleService-Info.plist"; sourceTree = "<group>"; };
		FCE82A4F294064F400442771 /* LoaMate.entitlements */ = {isa = PBXFileReference; lastKnownFileType = text.plist.entitlements; path = LoaMate.entitlements; sourceTree = "<group>"; };
		FCE82A5429406A4C00442771 /* LoginRouter.swift */ = {isa = PBXFileReference; lastKnownFileType = sourcecode.swift; path = LoginRouter.swift; sourceTree = "<group>"; };
		FCE82A5529406A4C00442771 /* LoginViewController.swift */ = {isa = PBXFileReference; lastKnownFileType = sourcecode.swift; path = LoginViewController.swift; sourceTree = "<group>"; };
		FCE82A5629406A4C00442771 /* LoginBuilder.swift */ = {isa = PBXFileReference; lastKnownFileType = sourcecode.swift; path = LoginBuilder.swift; sourceTree = "<group>"; };
		FCE82A5729406A4C00442771 /* LoginInteractor.swift */ = {isa = PBXFileReference; lastKnownFileType = sourcecode.swift; path = LoginInteractor.swift; sourceTree = "<group>"; };
		FCE82A5C29406E0900442771 /* AppleLoginManager.swift */ = {isa = PBXFileReference; lastKnownFileType = sourcecode.swift; path = AppleLoginManager.swift; sourceTree = "<group>"; };
		FCE82A5F29407A4100442771 /* Realm+Util.swift */ = {isa = PBXFileReference; lastKnownFileType = sourcecode.swift; path = "Realm+Util.swift"; sourceTree = "<group>"; };
		FCE82A6229407A7400442771 /* LoaMateRepository.swift */ = {isa = PBXFileReference; lastKnownFileType = sourcecode.swift; path = LoaMateRepository.swift; sourceTree = "<group>"; };
		FCE82A6529407B2600442771 /* UserEmailModel.swift */ = {isa = PBXFileReference; lastKnownFileType = sourcecode.swift; path = UserEmailModel.swift; sourceTree = "<group>"; };
		FCE82A682940842A00442771 /* LostarkAPI.swift */ = {isa = PBXFileReference; lastKnownFileType = sourcecode.swift; path = LostarkAPI.swift; sourceTree = "<group>"; };
		FCE82A6A2940876700442771 /* CharaterInfoModel.swift */ = {isa = PBXFileReference; lastKnownFileType = sourcecode.swift; path = CharaterInfoModel.swift; sourceTree = "<group>"; };
		FCE82A6E29408C7900442771 /* MainRouter.swift */ = {isa = PBXFileReference; lastKnownFileType = sourcecode.swift; path = MainRouter.swift; sourceTree = "<group>"; };
		FCE82A6F29408C7900442771 /* MainViewController.swift */ = {isa = PBXFileReference; lastKnownFileType = sourcecode.swift; path = MainViewController.swift; sourceTree = "<group>"; };
		FCE82A7029408C7900442771 /* MainBuilder.swift */ = {isa = PBXFileReference; lastKnownFileType = sourcecode.swift; path = MainBuilder.swift; sourceTree = "<group>"; };
		FCE82A7129408C7900442771 /* MainInteractor.swift */ = {isa = PBXFileReference; lastKnownFileType = sourcecode.swift; path = MainInteractor.swift; sourceTree = "<group>"; };
		FCE82A7929408DBA00442771 /* BoxButton.swift */ = {isa = PBXFileReference; lastKnownFileType = sourcecode.swift; path = BoxButton.swift; sourceTree = "<group>"; };
		FCE82A7B29408F8700442771 /* ArmoryProfileModel.swift */ = {isa = PBXFileReference; lastKnownFileType = sourcecode.swift; path = ArmoryProfileModel.swift; sourceTree = "<group>"; };
		FCE82A81294092CD00442771 /* UIApplication+Util.swift */ = {isa = PBXFileReference; lastKnownFileType = sourcecode.swift; path = "UIApplication+Util.swift"; sourceTree = "<group>"; };
/* End PBXFileReference section */

/* Begin PBXFrameworksBuildPhase section */
		FCE829FF29405A4800442771 /* Frameworks */ = {
			isa = PBXFrameworksBuildPhase;
			buildActionMask = 2147483647;
			files = (
				40150E539080AB53F57EC287 /* Pods_LoaMate.framework in Frameworks */,
			);
			runOnlyForDeploymentPostprocessing = 0;
		};
		FCE82A1529405A4A00442771 /* Frameworks */ = {
			isa = PBXFrameworksBuildPhase;
			buildActionMask = 2147483647;
			files = (
				225C3DC9295AD31208FCCFFB /* Pods_LoaMateTests.framework in Frameworks */,
			);
			runOnlyForDeploymentPostprocessing = 0;
		};
		FCE82A1F29405A4A00442771 /* Frameworks */ = {
			isa = PBXFrameworksBuildPhase;
			buildActionMask = 2147483647;
			files = (
				116BEAD2D160923660177ED3 /* Pods_LoaMate_LoaMateUITests.framework in Frameworks */,
			);
			runOnlyForDeploymentPostprocessing = 0;
		};
/* End PBXFrameworksBuildPhase section */

/* Begin PBXGroup section */
		6B1D59775066B7D4A8E39FE7 /* Pods */ = {
			isa = PBXGroup;
			children = (
				8A142573678A7CE02BBDFBA0 /* Pods-LoaMate.debug.xcconfig */,
				54FCBF1EAC85AB6CE8D9FAAC /* Pods-LoaMate.release.xcconfig */,
				A8E7147FEC4B0A11C7B8C7AD /* Pods-LoaMate-LoaMateUITests.debug.xcconfig */,
				00E9628C0FCCA73EDBDEE6DE /* Pods-LoaMate-LoaMateUITests.release.xcconfig */,
				8CA716B73D7F6C61F6303D02 /* Pods-LoaMateTests.debug.xcconfig */,
				9E7D45C3C378BB6AD84E2963 /* Pods-LoaMateTests.release.xcconfig */,
			);
			path = Pods;
			sourceTree = "<group>";
		};
		985BFFB12941932700D86106 /* InputCharacter */ = {
			isa = PBXGroup;
			children = (
				985BFFA92941931D00D86106 /* InputCharacterRouter.swift */,
				985BFFAA2941931D00D86106 /* InputCharacterViewController.swift */,
				985BFFAB2941931D00D86106 /* InputCharacterBuilder.swift */,
				985BFFAC2941931D00D86106 /* InputCharacterInteractor.swift */,
			);
			path = InputCharacter;
			sourceTree = "<group>";
		};
		985BFFB22941933E00D86106 /* NaviView */ = {
			isa = PBXGroup;
			children = (
				985BFFBE29419CDA00D86106 /* NaviView.swift */,
			);
			path = NaviView;
			sourceTree = "<group>";
		};
		985BFFB32941974000D86106 /* LoaMateAssets */ = {
			isa = PBXGroup;
			children = (
				985BFFB92941999E00D86106 /* Generated */,
				985BFFB6294197B900D86106 /* Fonts */,
				985BFFB42941975500D86106 /* Icons.xcassets */,
				985BFFBC29419C8E00D86106 /* Colors.swift */,
				985BFFC029419D8500D86106 /* Fonts.swift */,
			);
			path = LoaMateAssets;
			sourceTree = "<group>";
		};
		985BFFB6294197B900D86106 /* Fonts */ = {
			isa = PBXGroup;
			children = (
				985BFFCD2941B53700D86106 /* AppleSDGothicNeoEB.ttf */,
				985BFFCE2941B53700D86106 /* AppleSDGothicNeoH.ttf */,
				985BFFB7294197C400D86106 /* Montserrat ExtraBold.ttf */,
			);
			path = Fonts;
			sourceTree = "<group>";
		};
		985BFFB92941999E00D86106 /* Generated */ = {
			isa = PBXGroup;
			children = (
				985BFFBA294199AC00D86106 /* Icons+Generated.swift */,
			);
			path = Generated;
			sourceTree = "<group>";
		};
		985BFFC22941A3A300D86106 /* SetCharacters */ = {
			isa = PBXGroup;
			children = (
				985BFFC32941A3B200D86106 /* SetCharactersRouter.swift */,
				985BFFC42941A3B200D86106 /* SetCharactersViewController.swift */,
				985BFFC52941A3B200D86106 /* SetCharactersBuilder.swift */,
				985BFFC62941A3B200D86106 /* SetCharactersInteractor.swift */,
				985BFFCB2941AE7700D86106 /* SetCharactersCell.swift */,
			);
			path = SetCharacters;
			sourceTree = "<group>";
		};
		985BFFDA294225A000D86106 /* Detail */ = {
			isa = PBXGroup;
			children = (
				985BFFDB294225AB00D86106 /* DetailRouter.swift */,
				985BFFDC294225AB00D86106 /* DetailViewController.swift */,
				985BFFDD294225AB00D86106 /* DetailBuilder.swift */,
				985BFFDE294225AB00D86106 /* DetailInteractor.swift */,
			);
			path = Detail;
			sourceTree = "<group>";
		};
		CF3A0D6FCF1CB9C59994CC01 /* Frameworks */ = {
			isa = PBXGroup;
			children = (
				156EBA8B854B9CA8F54FC547 /* Pods_LoaMate.framework */,
				DC13148D2F1DAF562596CA57 /* Pods_LoaMate_LoaMateUITests.framework */,
				0789A23B7BC3E28FE85C6348 /* Pods_LoaMateTests.framework */,
			);
			name = Frameworks;
			sourceTree = "<group>";
		};
		FCE829F929405A4700442771 = {
			isa = PBXGroup;
			children = (
				FCE82A0429405A4800442771 /* LoaMate */,
				FCE82A1B29405A4A00442771 /* LoaMateTests */,
				FCE82A2529405A4A00442771 /* LoaMateUITests */,
				FCE82A0329405A4800442771 /* Products */,
				6B1D59775066B7D4A8E39FE7 /* Pods */,
				CF3A0D6FCF1CB9C59994CC01 /* Frameworks */,
			);
			sourceTree = "<group>";
		};
		FCE82A0329405A4800442771 /* Products */ = {
			isa = PBXGroup;
			children = (
				FCE82A0229405A4800442771 /* LoaMate.app */,
				FCE82A1829405A4A00442771 /* LoaMateTests.xctest */,
				FCE82A2229405A4A00442771 /* LoaMateUITests.xctest */,
			);
			name = Products;
			sourceTree = "<group>";
		};
		FCE82A0429405A4800442771 /* LoaMate */ = {
			isa = PBXGroup;
			children = (
				985BFFB32941974000D86106 /* LoaMateAssets */,
				FCE82A6D29408C6000442771 /* Register */,
				FCE82A3629405BFD00442771 /* AppRoot */,
				FCE82A5229406A3900442771 /* Home */,
				FCE82A4F294064F400442771 /* LoaMate.entitlements */,
				FCE82A4D2940624C00442771 /* GoogleService-Info.plist */,
				FCE82A462940601100442771 /* Platform */,
				FCE82A3529405BE800442771 /* AppDelegate */,
				FCE82A0E29405A4900442771 /* Assets.xcassets */,
				FCE82A1029405A4900442771 /* LaunchScreen.storyboard */,
				FCE82A1329405A4900442771 /* Info.plist */,
				985BFFD22941EC6300D86106 /* Main.storyboard */,
			);
			path = LoaMate;
			sourceTree = "<group>";
		};
		FCE82A1B29405A4A00442771 /* LoaMateTests */ = {
			isa = PBXGroup;
			children = (
				FCE82A1C29405A4A00442771 /* LoaMateTests.swift */,
			);
			path = LoaMateTests;
			sourceTree = "<group>";
		};
		FCE82A2529405A4A00442771 /* LoaMateUITests */ = {
			isa = PBXGroup;
			children = (
				FCE82A2629405A4A00442771 /* LoaMateUITests.swift */,
				FCE82A2829405A4A00442771 /* LoaMateUITestsLaunchTests.swift */,
			);
			path = LoaMateUITests;
			sourceTree = "<group>";
		};
		FCE82A3529405BE800442771 /* AppDelegate */ = {
			isa = PBXGroup;
			children = (
				FCE82A3729405EA100442771 /* AppComponent.swift */,
				FCE82A0529405A4800442771 /* AppDelegate.swift */,
			);
			path = AppDelegate;
			sourceTree = "<group>";
		};
		FCE82A3629405BFD00442771 /* AppRoot */ = {
			isa = PBXGroup;
			children = (
				FCE82A3929405EB000442771 /* AppRootRouter.swift */,
				FCE82A3B29405F1D00442771 /* AppRootBuilder.swift */,
				FCE82A3D29405F4700442771 /* AppRootInteractor.swift */,
				FCE82A3F29405F7B00442771 /* AppRootComponent.swift */,
				FCE82A4129405FA000442771 /* AppRootViewController.swift */,
				FCE82A4329405FBE00442771 /* RootTabBarController.swift */,
			);
			path = AppRoot;
			sourceTree = "<group>";
		};
		FCE82A462940601100442771 /* Platform */ = {
			isa = PBXGroup;
			children = (
				FCE82A6129407A6400442771 /* Repository */,
				FCE82A6429407B1500442771 /* ServiceModel */,
				FCE82A672940840C00442771 /* API */,
				FCE82A7729408DAA00442771 /* DesignSystem */,
				FCE82A5E29407A3000442771 /* Service+Util */,
				FCE82A472940601500442771 /* RIBs+Util */,
			);
			path = Platform;
			sourceTree = "<group>";
		};
		FCE82A472940601500442771 /* RIBs+Util */ = {
			isa = PBXGroup;
			children = (
				FCE82A482940602500442771 /* RIBs+Util.swift */,
				FCE82A4A2940603300442771 /* AdaptivePresentationControllerDelegate.swift */,
			);
			path = "RIBs+Util";
			sourceTree = "<group>";
		};
		FCE82A5229406A3900442771 /* Home */ = {
			isa = PBXGroup;
			children = (
				985BFFDA294225A000D86106 /* Detail */,
				985BFFC22941A3A300D86106 /* SetCharacters */,
				985BFFB12941932700D86106 /* InputCharacter */,
				FCE82A6C29408C5400442771 /* Main */,
			);
			path = Home;
			sourceTree = "<group>";
		};
		FCE82A5329406A4100442771 /* Login */ = {
			isa = PBXGroup;
			children = (
				FCE82A5429406A4C00442771 /* LoginRouter.swift */,
				FCE82A5529406A4C00442771 /* LoginViewController.swift */,
				FCE82A5629406A4C00442771 /* LoginBuilder.swift */,
				FCE82A5729406A4C00442771 /* LoginInteractor.swift */,
				FCE82A5C29406E0900442771 /* AppleLoginManager.swift */,
			);
			path = Login;
			sourceTree = "<group>";
		};
		FCE82A5E29407A3000442771 /* Service+Util */ = {
			isa = PBXGroup;
			children = (
				FCE82A5F29407A4100442771 /* Realm+Util.swift */,
				FCE82A81294092CD00442771 /* UIApplication+Util.swift */,
				985BFFD62941EF6B00D86106 /* Shadow.swift */,
				985BFFD82942037900D86106 /* Label+Util.swift */,
			);
			path = "Service+Util";
			sourceTree = "<group>";
		};
		FCE82A6129407A6400442771 /* Repository */ = {
			isa = PBXGroup;
			children = (
				FCE82A6229407A7400442771 /* LoaMateRepository.swift */,
			);
			path = Repository;
			sourceTree = "<group>";
		};
		FCE82A6429407B1500442771 /* ServiceModel */ = {
			isa = PBXGroup;
			children = (
				FCE82A6529407B2600442771 /* UserEmailModel.swift */,
				985BFFA72940A71800D86106 /* UserData.swift */,
			);
			path = ServiceModel;
			sourceTree = "<group>";
		};
		FCE82A672940840C00442771 /* API */ = {
			isa = PBXGroup;
			children = (
				FCE82A7E2940916F00442771 /* Model */,
				FCE82A682940842A00442771 /* LostarkAPI.swift */,
			);
			path = API;
			sourceTree = "<group>";
		};
		FCE82A6C29408C5400442771 /* Main */ = {
			isa = PBXGroup;
			children = (
				FCE82A6E29408C7900442771 /* MainRouter.swift */,
				FCE82A6F29408C7900442771 /* MainViewController.swift */,
				FCE82A7029408C7900442771 /* MainBuilder.swift */,
				FCE82A7129408C7900442771 /* MainInteractor.swift */,
				985BFFD42941EEEB00D86106 /* MainCell.swift */,
			);
			path = Main;
			sourceTree = "<group>";
		};
		FCE82A6D29408C6000442771 /* Register */ = {
			isa = PBXGroup;
			children = (
				FCE82A5329406A4100442771 /* Login */,
			);
			path = Register;
			sourceTree = "<group>";
		};
		FCE82A7729408DAA00442771 /* DesignSystem */ = {
			isa = PBXGroup;
			children = (
				985BFFB22941933E00D86106 /* NaviView */,
				FCE82A7829408DB100442771 /* BoxButton */,
			);
			path = DesignSystem;
			sourceTree = "<group>";
		};
		FCE82A7829408DB100442771 /* BoxButton */ = {
			isa = PBXGroup;
			children = (
				FCE82A7929408DBA00442771 /* BoxButton.swift */,
			);
			path = BoxButton;
			sourceTree = "<group>";
		};
		FCE82A7E2940916F00442771 /* Model */ = {
			isa = PBXGroup;
			children = (
				FCE82A6A2940876700442771 /* CharaterInfoModel.swift */,
				FCE82A7B29408F8700442771 /* ArmoryProfileModel.swift */,
			);
			path = Model;
			sourceTree = "<group>";
		};
/* End PBXGroup section */

/* Begin PBXNativeTarget section */
		FCE82A0129405A4800442771 /* LoaMate */ = {
			isa = PBXNativeTarget;
			buildConfigurationList = FCE82A2C29405A4A00442771 /* Build configuration list for PBXNativeTarget "LoaMate" */;
			buildPhases = (
				006AAFDDD9AC1E8AC0B8FB87 /* [CP] Check Pods Manifest.lock */,
				FCE829FE29405A4800442771 /* Sources */,
				FCE829FF29405A4800442771 /* Frameworks */,
				FCE82A0029405A4800442771 /* Resources */,
				D8F08836DF9E659567B93AD7 /* [CP] Embed Pods Frameworks */,
				985BFFB82941994000D86106 /* SwiftGen */,
			);
			buildRules = (
			);
			dependencies = (
			);
			name = LoaMate;
			productName = LoaMate;
			productReference = FCE82A0229405A4800442771 /* LoaMate.app */;
			productType = "com.apple.product-type.application";
		};
		FCE82A1729405A4A00442771 /* LoaMateTests */ = {
			isa = PBXNativeTarget;
			buildConfigurationList = FCE82A2F29405A4A00442771 /* Build configuration list for PBXNativeTarget "LoaMateTests" */;
			buildPhases = (
				66CEBFBFF3058973DE9229CC /* [CP] Check Pods Manifest.lock */,
				FCE82A1429405A4A00442771 /* Sources */,
				FCE82A1529405A4A00442771 /* Frameworks */,
				FCE82A1629405A4A00442771 /* Resources */,
			);
			buildRules = (
			);
			dependencies = (
				FCE82A1A29405A4A00442771 /* PBXTargetDependency */,
			);
			name = LoaMateTests;
			productName = LoaMateTests;
			productReference = FCE82A1829405A4A00442771 /* LoaMateTests.xctest */;
			productType = "com.apple.product-type.bundle.unit-test";
		};
		FCE82A2129405A4A00442771 /* LoaMateUITests */ = {
			isa = PBXNativeTarget;
			buildConfigurationList = FCE82A3229405A4A00442771 /* Build configuration list for PBXNativeTarget "LoaMateUITests" */;
			buildPhases = (
				EB2712D1A28223A2AA9628D7 /* [CP] Check Pods Manifest.lock */,
				FCE82A1E29405A4A00442771 /* Sources */,
				FCE82A1F29405A4A00442771 /* Frameworks */,
				FCE82A2029405A4A00442771 /* Resources */,
				26101B80A9E4E8516663F6EE /* [CP] Embed Pods Frameworks */,
			);
			buildRules = (
			);
			dependencies = (
				FCE82A2429405A4A00442771 /* PBXTargetDependency */,
			);
			name = LoaMateUITests;
			productName = LoaMateUITests;
			productReference = FCE82A2229405A4A00442771 /* LoaMateUITests.xctest */;
			productType = "com.apple.product-type.bundle.ui-testing";
		};
/* End PBXNativeTarget section */

/* Begin PBXProject section */
		FCE829FA29405A4700442771 /* Project object */ = {
			isa = PBXProject;
			attributes = {
				BuildIndependentTargetsInParallel = 1;
				LastSwiftUpdateCheck = 1340;
				LastUpgradeCheck = 1340;
				TargetAttributes = {
					FCE82A0129405A4800442771 = {
						CreatedOnToolsVersion = 13.4.1;
					};
					FCE82A1729405A4A00442771 = {
						CreatedOnToolsVersion = 13.4.1;
						TestTargetID = FCE82A0129405A4800442771;
					};
					FCE82A2129405A4A00442771 = {
						CreatedOnToolsVersion = 13.4.1;
						TestTargetID = FCE82A0129405A4800442771;
					};
				};
			};
			buildConfigurationList = FCE829FD29405A4700442771 /* Build configuration list for PBXProject "LoaMate" */;
			compatibilityVersion = "Xcode 13.0";
			developmentRegion = en;
			hasScannedForEncodings = 0;
			knownRegions = (
				en,
				Base,
			);
			mainGroup = FCE829F929405A4700442771;
			productRefGroup = FCE82A0329405A4800442771 /* Products */;
			projectDirPath = "";
			projectRoot = "";
			targets = (
				FCE82A0129405A4800442771 /* LoaMate */,
				FCE82A1729405A4A00442771 /* LoaMateTests */,
				FCE82A2129405A4A00442771 /* LoaMateUITests */,
			);
		};
/* End PBXProject section */

/* Begin PBXResourcesBuildPhase section */
		FCE82A0029405A4800442771 /* Resources */ = {
			isa = PBXResourcesBuildPhase;
			buildActionMask = 2147483647;
			files = (
				FCE82A1229405A4900442771 /* LaunchScreen.storyboard in Resources */,
				FCE82A4E2940624C00442771 /* GoogleService-Info.plist in Resources */,
				985BFFD12941B54F00D86106 /* AppleSDGothicNeoEB.ttf in Resources */,
				985BFFD32941EC6300D86106 /* Main.storyboard in Resources */,
				985BFFCF2941B54F00D86106 /* AppleSDGothicNeoH.ttf in Resources */,
				FCE82A0F29405A4900442771 /* Assets.xcassets in Resources */,
				985BFFB52941975500D86106 /* Icons.xcassets in Resources */,
				985BFFD02941B54F00D86106 /* Montserrat ExtraBold.ttf in Resources */,
			);
			runOnlyForDeploymentPostprocessing = 0;
		};
		FCE82A1629405A4A00442771 /* Resources */ = {
			isa = PBXResourcesBuildPhase;
			buildActionMask = 2147483647;
			files = (
			);
			runOnlyForDeploymentPostprocessing = 0;
		};
		FCE82A2029405A4A00442771 /* Resources */ = {
			isa = PBXResourcesBuildPhase;
			buildActionMask = 2147483647;
			files = (
			);
			runOnlyForDeploymentPostprocessing = 0;
		};
/* End PBXResourcesBuildPhase section */

/* Begin PBXShellScriptBuildPhase section */
		006AAFDDD9AC1E8AC0B8FB87 /* [CP] Check Pods Manifest.lock */ = {
			isa = PBXShellScriptBuildPhase;
			buildActionMask = 2147483647;
			files = (
			);
			inputFileListPaths = (
			);
			inputPaths = (
				"${PODS_PODFILE_DIR_PATH}/Podfile.lock",
				"${PODS_ROOT}/Manifest.lock",
			);
			name = "[CP] Check Pods Manifest.lock";
			outputFileListPaths = (
			);
			outputPaths = (
				"$(DERIVED_FILE_DIR)/Pods-LoaMate-checkManifestLockResult.txt",
			);
			runOnlyForDeploymentPostprocessing = 0;
			shellPath = /bin/sh;
			shellScript = "diff \"${PODS_PODFILE_DIR_PATH}/Podfile.lock\" \"${PODS_ROOT}/Manifest.lock\" > /dev/null\nif [ $? != 0 ] ; then\n    # print error to STDERR\n    echo \"error: The sandbox is not in sync with the Podfile.lock. Run 'pod install' or update your CocoaPods installation.\" >&2\n    exit 1\nfi\n# This output is used by Xcode 'outputs' to avoid re-running this script phase.\necho \"SUCCESS\" > \"${SCRIPT_OUTPUT_FILE_0}\"\n";
			showEnvVarsInLog = 0;
		};
		26101B80A9E4E8516663F6EE /* [CP] Embed Pods Frameworks */ = {
			isa = PBXShellScriptBuildPhase;
			buildActionMask = 2147483647;
			files = (
			);
			inputFileListPaths = (
				"${PODS_ROOT}/Target Support Files/Pods-LoaMate-LoaMateUITests/Pods-LoaMate-LoaMateUITests-frameworks-${CONFIGURATION}-input-files.xcfilelist",
			);
			name = "[CP] Embed Pods Frameworks";
			outputFileListPaths = (
				"${PODS_ROOT}/Target Support Files/Pods-LoaMate-LoaMateUITests/Pods-LoaMate-LoaMateUITests-frameworks-${CONFIGURATION}-output-files.xcfilelist",
			);
			runOnlyForDeploymentPostprocessing = 0;
			shellPath = /bin/sh;
			shellScript = "\"${PODS_ROOT}/Target Support Files/Pods-LoaMate-LoaMateUITests/Pods-LoaMate-LoaMateUITests-frameworks.sh\"\n";
			showEnvVarsInLog = 0;
		};
		66CEBFBFF3058973DE9229CC /* [CP] Check Pods Manifest.lock */ = {
			isa = PBXShellScriptBuildPhase;
			buildActionMask = 2147483647;
			files = (
			);
			inputFileListPaths = (
			);
			inputPaths = (
				"${PODS_PODFILE_DIR_PATH}/Podfile.lock",
				"${PODS_ROOT}/Manifest.lock",
			);
			name = "[CP] Check Pods Manifest.lock";
			outputFileListPaths = (
			);
			outputPaths = (
				"$(DERIVED_FILE_DIR)/Pods-LoaMateTests-checkManifestLockResult.txt",
			);
			runOnlyForDeploymentPostprocessing = 0;
			shellPath = /bin/sh;
			shellScript = "diff \"${PODS_PODFILE_DIR_PATH}/Podfile.lock\" \"${PODS_ROOT}/Manifest.lock\" > /dev/null\nif [ $? != 0 ] ; then\n    # print error to STDERR\n    echo \"error: The sandbox is not in sync with the Podfile.lock. Run 'pod install' or update your CocoaPods installation.\" >&2\n    exit 1\nfi\n# This output is used by Xcode 'outputs' to avoid re-running this script phase.\necho \"SUCCESS\" > \"${SCRIPT_OUTPUT_FILE_0}\"\n";
			showEnvVarsInLog = 0;
		};
		985BFFB82941994000D86106 /* SwiftGen */ = {
			isa = PBXShellScriptBuildPhase;
			buildActionMask = 2147483647;
			files = (
			);
			inputFileListPaths = (
			);
			inputPaths = (
			);
			name = SwiftGen;
			outputFileListPaths = (
			);
			outputPaths = (
			);
			runOnlyForDeploymentPostprocessing = 0;
			shellPath = /bin/sh;
			shellScript = "PATH=/opt/homebrew/bin:$PATH\nswiftgen config run\n";
		};
		D8F08836DF9E659567B93AD7 /* [CP] Embed Pods Frameworks */ = {
			isa = PBXShellScriptBuildPhase;
			buildActionMask = 2147483647;
			files = (
			);
			inputFileListPaths = (
				"${PODS_ROOT}/Target Support Files/Pods-LoaMate/Pods-LoaMate-frameworks-${CONFIGURATION}-input-files.xcfilelist",
			);
			name = "[CP] Embed Pods Frameworks";
			outputFileListPaths = (
				"${PODS_ROOT}/Target Support Files/Pods-LoaMate/Pods-LoaMate-frameworks-${CONFIGURATION}-output-files.xcfilelist",
			);
			runOnlyForDeploymentPostprocessing = 0;
			shellPath = /bin/sh;
			shellScript = "\"${PODS_ROOT}/Target Support Files/Pods-LoaMate/Pods-LoaMate-frameworks.sh\"\n";
			showEnvVarsInLog = 0;
		};
		EB2712D1A28223A2AA9628D7 /* [CP] Check Pods Manifest.lock */ = {
			isa = PBXShellScriptBuildPhase;
			buildActionMask = 2147483647;
			files = (
			);
			inputFileListPaths = (
			);
			inputPaths = (
				"${PODS_PODFILE_DIR_PATH}/Podfile.lock",
				"${PODS_ROOT}/Manifest.lock",
			);
			name = "[CP] Check Pods Manifest.lock";
			outputFileListPaths = (
			);
			outputPaths = (
				"$(DERIVED_FILE_DIR)/Pods-LoaMate-LoaMateUITests-checkManifestLockResult.txt",
			);
			runOnlyForDeploymentPostprocessing = 0;
			shellPath = /bin/sh;
			shellScript = "diff \"${PODS_PODFILE_DIR_PATH}/Podfile.lock\" \"${PODS_ROOT}/Manifest.lock\" > /dev/null\nif [ $? != 0 ] ; then\n    # print error to STDERR\n    echo \"error: The sandbox is not in sync with the Podfile.lock. Run 'pod install' or update your CocoaPods installation.\" >&2\n    exit 1\nfi\n# This output is used by Xcode 'outputs' to avoid re-running this script phase.\necho \"SUCCESS\" > \"${SCRIPT_OUTPUT_FILE_0}\"\n";
			showEnvVarsInLog = 0;
		};
/* End PBXShellScriptBuildPhase section */

/* Begin PBXSourcesBuildPhase section */
		FCE829FE29405A4800442771 /* Sources */ = {
			isa = PBXSourcesBuildPhase;
			buildActionMask = 2147483647;
			files = (
				FCE82A692940842A00442771 /* LostarkAPI.swift in Sources */,
				FCE82A7329408C7900442771 /* MainViewController.swift in Sources */,
				985BFFA82940A71800D86106 /* UserData.swift in Sources */,
				985BFFBD29419C8E00D86106 /* Colors.swift in Sources */,
				FCE82A5929406A4C00442771 /* LoginViewController.swift in Sources */,
				FCE82A3A29405EB000442771 /* AppRootRouter.swift in Sources */,
				FCE82A5B29406A4C00442771 /* LoginInteractor.swift in Sources */,
				985BFFBF29419CDA00D86106 /* NaviView.swift in Sources */,
				985BFFD52941EEEB00D86106 /* MainCell.swift in Sources */,
				FCE82A492940602500442771 /* RIBs+Util.swift in Sources */,
				985BFFAF2941931D00D86106 /* InputCharacterBuilder.swift in Sources */,
				FCE82A7429408C7900442771 /* MainBuilder.swift in Sources */,
				FCE82A4429405FBE00442771 /* RootTabBarController.swift in Sources */,
				985BFFD72941EF6B00D86106 /* Shadow.swift in Sources */,
				FCE82A6029407A4100442771 /* Realm+Util.swift in Sources */,
				985BFFE2294225AB00D86106 /* DetailInteractor.swift in Sources */,
				985BFFDF294225AB00D86106 /* DetailRouter.swift in Sources */,
				FCE82A4029405F7B00442771 /* AppRootComponent.swift in Sources */,
				FCE82A7229408C7900442771 /* MainRouter.swift in Sources */,
				FCE82A5A29406A4C00442771 /* LoginBuilder.swift in Sources */,
				985BFFC129419D8500D86106 /* Fonts.swift in Sources */,
				FCE82A7A29408DBA00442771 /* BoxButton.swift in Sources */,
				FCE82A3829405EA100442771 /* AppComponent.swift in Sources */,
				FCE82A6329407A7400442771 /* LoaMateRepository.swift in Sources */,
				985BFFB02941931D00D86106 /* InputCharacterInteractor.swift in Sources */,
				985BFFAD2941931D00D86106 /* InputCharacterRouter.swift in Sources */,
				985BFFE0294225AB00D86106 /* DetailViewController.swift in Sources */,
				FCE82A3E29405F4700442771 /* AppRootInteractor.swift in Sources */,
				FCE82A0629405A4800442771 /* AppDelegate.swift in Sources */,
				FCE82A4229405FA000442771 /* AppRootViewController.swift in Sources */,
				985BFFC72941A3B200D86106 /* SetCharactersRouter.swift in Sources */,
				985BFFBB294199AC00D86106 /* Icons+Generated.swift in Sources */,
				985BFFE1294225AB00D86106 /* DetailBuilder.swift in Sources */,
				FCE82A6629407B2600442771 /* UserEmailModel.swift in Sources */,
				FCE82A5D29406E0900442771 /* AppleLoginManager.swift in Sources */,
				FCE82A5829406A4C00442771 /* LoginRouter.swift in Sources */,
				FCE82A6B2940876700442771 /* CharaterInfoModel.swift in Sources */,
				985BFFCA2941A3B200D86106 /* SetCharactersInteractor.swift in Sources */,
				FCE82A4B2940603300442771 /* AdaptivePresentationControllerDelegate.swift in Sources */,
				985BFFCC2941AE7800D86106 /* SetCharactersCell.swift in Sources */,
				985BFFD92942037900D86106 /* Label+Util.swift in Sources */,
				FCE82A3C29405F1D00442771 /* AppRootBuilder.swift in Sources */,
				985BFFC92941A3B200D86106 /* SetCharactersBuilder.swift in Sources */,
				FCE82A82294092CE00442771 /* UIApplication+Util.swift in Sources */,
				985BFFAE2941931D00D86106 /* InputCharacterViewController.swift in Sources */,
				FCE82A7529408C7900442771 /* MainInteractor.swift in Sources */,
				FCE82A7C29408F8700442771 /* ArmoryProfileModel.swift in Sources */,
				985BFFC82941A3B200D86106 /* SetCharactersViewController.swift in Sources */,
			);
			runOnlyForDeploymentPostprocessing = 0;
		};
		FCE82A1429405A4A00442771 /* Sources */ = {
			isa = PBXSourcesBuildPhase;
			buildActionMask = 2147483647;
			files = (
				FCE82A1D29405A4A00442771 /* LoaMateTests.swift in Sources */,
			);
			runOnlyForDeploymentPostprocessing = 0;
		};
		FCE82A1E29405A4A00442771 /* Sources */ = {
			isa = PBXSourcesBuildPhase;
			buildActionMask = 2147483647;
			files = (
				FCE82A2929405A4A00442771 /* LoaMateUITestsLaunchTests.swift in Sources */,
				FCE82A2729405A4A00442771 /* LoaMateUITests.swift in Sources */,
				FCE82A4C2940618C00442771 /* AppRootRouter.swift in Sources */,
			);
			runOnlyForDeploymentPostprocessing = 0;
		};
/* End PBXSourcesBuildPhase section */

/* Begin PBXTargetDependency section */
		FCE82A1A29405A4A00442771 /* PBXTargetDependency */ = {
			isa = PBXTargetDependency;
			target = FCE82A0129405A4800442771 /* LoaMate */;
			targetProxy = FCE82A1929405A4A00442771 /* PBXContainerItemProxy */;
		};
		FCE82A2429405A4A00442771 /* PBXTargetDependency */ = {
			isa = PBXTargetDependency;
			target = FCE82A0129405A4800442771 /* LoaMate */;
			targetProxy = FCE82A2329405A4A00442771 /* PBXContainerItemProxy */;
		};
/* End PBXTargetDependency section */

/* Begin PBXVariantGroup section */
		FCE82A1029405A4900442771 /* LaunchScreen.storyboard */ = {
			isa = PBXVariantGroup;
			children = (
				FCE82A1129405A4900442771 /* Base */,
			);
			name = LaunchScreen.storyboard;
			sourceTree = "<group>";
		};
/* End PBXVariantGroup section */

/* Begin XCBuildConfiguration section */
		FCE82A2A29405A4A00442771 /* Debug */ = {
			isa = XCBuildConfiguration;
			buildSettings = {
				ALWAYS_SEARCH_USER_PATHS = NO;
				CLANG_ANALYZER_NONNULL = YES;
				CLANG_ANALYZER_NUMBER_OBJECT_CONVERSION = YES_AGGRESSIVE;
				CLANG_CXX_LANGUAGE_STANDARD = "gnu++17";
				CLANG_ENABLE_MODULES = YES;
				CLANG_ENABLE_OBJC_ARC = YES;
				CLANG_ENABLE_OBJC_WEAK = YES;
				CLANG_WARN_BLOCK_CAPTURE_AUTORELEASING = YES;
				CLANG_WARN_BOOL_CONVERSION = YES;
				CLANG_WARN_COMMA = YES;
				CLANG_WARN_CONSTANT_CONVERSION = YES;
				CLANG_WARN_DEPRECATED_OBJC_IMPLEMENTATIONS = YES;
				CLANG_WARN_DIRECT_OBJC_ISA_USAGE = YES_ERROR;
				CLANG_WARN_DOCUMENTATION_COMMENTS = YES;
				CLANG_WARN_EMPTY_BODY = YES;
				CLANG_WARN_ENUM_CONVERSION = YES;
				CLANG_WARN_INFINITE_RECURSION = YES;
				CLANG_WARN_INT_CONVERSION = YES;
				CLANG_WARN_NON_LITERAL_NULL_CONVERSION = YES;
				CLANG_WARN_OBJC_IMPLICIT_RETAIN_SELF = YES;
				CLANG_WARN_OBJC_LITERAL_CONVERSION = YES;
				CLANG_WARN_OBJC_ROOT_CLASS = YES_ERROR;
				CLANG_WARN_QUOTED_INCLUDE_IN_FRAMEWORK_HEADER = YES;
				CLANG_WARN_RANGE_LOOP_ANALYSIS = YES;
				CLANG_WARN_STRICT_PROTOTYPES = YES;
				CLANG_WARN_SUSPICIOUS_MOVE = YES;
				CLANG_WARN_UNGUARDED_AVAILABILITY = YES_AGGRESSIVE;
				CLANG_WARN_UNREACHABLE_CODE = YES;
				CLANG_WARN__DUPLICATE_METHOD_MATCH = YES;
				COPY_PHASE_STRIP = NO;
				DEBUG_INFORMATION_FORMAT = dwarf;
				ENABLE_STRICT_OBJC_MSGSEND = YES;
				ENABLE_TESTABILITY = YES;
				GCC_C_LANGUAGE_STANDARD = gnu11;
				GCC_DYNAMIC_NO_PIC = NO;
				GCC_NO_COMMON_BLOCKS = YES;
				GCC_OPTIMIZATION_LEVEL = 0;
				GCC_PREPROCESSOR_DEFINITIONS = (
					"DEBUG=1",
					"$(inherited)",
				);
				GCC_WARN_64_TO_32_BIT_CONVERSION = YES;
				GCC_WARN_ABOUT_RETURN_TYPE = YES_ERROR;
				GCC_WARN_UNDECLARED_SELECTOR = YES;
				GCC_WARN_UNINITIALIZED_AUTOS = YES_AGGRESSIVE;
				GCC_WARN_UNUSED_FUNCTION = YES;
				GCC_WARN_UNUSED_VARIABLE = YES;
				IPHONEOS_DEPLOYMENT_TARGET = 15.5;
				MTL_ENABLE_DEBUG_INFO = INCLUDE_SOURCE;
				MTL_FAST_MATH = YES;
				ONLY_ACTIVE_ARCH = YES;
				SDKROOT = iphoneos;
				SWIFT_ACTIVE_COMPILATION_CONDITIONS = DEBUG;
				SWIFT_OPTIMIZATION_LEVEL = "-Onone";
			};
			name = Debug;
		};
		FCE82A2B29405A4A00442771 /* Release */ = {
			isa = XCBuildConfiguration;
			buildSettings = {
				ALWAYS_SEARCH_USER_PATHS = NO;
				CLANG_ANALYZER_NONNULL = YES;
				CLANG_ANALYZER_NUMBER_OBJECT_CONVERSION = YES_AGGRESSIVE;
				CLANG_CXX_LANGUAGE_STANDARD = "gnu++17";
				CLANG_ENABLE_MODULES = YES;
				CLANG_ENABLE_OBJC_ARC = YES;
				CLANG_ENABLE_OBJC_WEAK = YES;
				CLANG_WARN_BLOCK_CAPTURE_AUTORELEASING = YES;
				CLANG_WARN_BOOL_CONVERSION = YES;
				CLANG_WARN_COMMA = YES;
				CLANG_WARN_CONSTANT_CONVERSION = YES;
				CLANG_WARN_DEPRECATED_OBJC_IMPLEMENTATIONS = YES;
				CLANG_WARN_DIRECT_OBJC_ISA_USAGE = YES_ERROR;
				CLANG_WARN_DOCUMENTATION_COMMENTS = YES;
				CLANG_WARN_EMPTY_BODY = YES;
				CLANG_WARN_ENUM_CONVERSION = YES;
				CLANG_WARN_INFINITE_RECURSION = YES;
				CLANG_WARN_INT_CONVERSION = YES;
				CLANG_WARN_NON_LITERAL_NULL_CONVERSION = YES;
				CLANG_WARN_OBJC_IMPLICIT_RETAIN_SELF = YES;
				CLANG_WARN_OBJC_LITERAL_CONVERSION = YES;
				CLANG_WARN_OBJC_ROOT_CLASS = YES_ERROR;
				CLANG_WARN_QUOTED_INCLUDE_IN_FRAMEWORK_HEADER = YES;
				CLANG_WARN_RANGE_LOOP_ANALYSIS = YES;
				CLANG_WARN_STRICT_PROTOTYPES = YES;
				CLANG_WARN_SUSPICIOUS_MOVE = YES;
				CLANG_WARN_UNGUARDED_AVAILABILITY = YES_AGGRESSIVE;
				CLANG_WARN_UNREACHABLE_CODE = YES;
				CLANG_WARN__DUPLICATE_METHOD_MATCH = YES;
				COPY_PHASE_STRIP = NO;
				DEBUG_INFORMATION_FORMAT = "dwarf-with-dsym";
				ENABLE_NS_ASSERTIONS = NO;
				ENABLE_STRICT_OBJC_MSGSEND = YES;
				GCC_C_LANGUAGE_STANDARD = gnu11;
				GCC_NO_COMMON_BLOCKS = YES;
				GCC_WARN_64_TO_32_BIT_CONVERSION = YES;
				GCC_WARN_ABOUT_RETURN_TYPE = YES_ERROR;
				GCC_WARN_UNDECLARED_SELECTOR = YES;
				GCC_WARN_UNINITIALIZED_AUTOS = YES_AGGRESSIVE;
				GCC_WARN_UNUSED_FUNCTION = YES;
				GCC_WARN_UNUSED_VARIABLE = YES;
				IPHONEOS_DEPLOYMENT_TARGET = 15.5;
				MTL_ENABLE_DEBUG_INFO = NO;
				MTL_FAST_MATH = YES;
				ONLY_ACTIVE_ARCH = YES;
				SDKROOT = iphoneos;
				SWIFT_COMPILATION_MODE = wholemodule;
				SWIFT_OPTIMIZATION_LEVEL = "-O";
				VALIDATE_PRODUCT = YES;
			};
			name = Release;
		};
		FCE82A2D29405A4A00442771 /* Debug */ = {
			isa = XCBuildConfiguration;
			baseConfigurationReference = 8A142573678A7CE02BBDFBA0 /* Pods-LoaMate.debug.xcconfig */;
			buildSettings = {
				ASSETCATALOG_COMPILER_APPICON_NAME = AppIcon;
				ASSETCATALOG_COMPILER_GLOBAL_ACCENT_COLOR_NAME = AccentColor;
				ASSETCATALOG_COMPILER_INCLUDE_ALL_APPICON_ASSETS = NO;
				CODE_SIGN_ENTITLEMENTS = LoaMate/LoaMate.entitlements;
				CODE_SIGN_STYLE = Automatic;
				CURRENT_PROJECT_VERSION = 1;
				DEVELOPMENT_TEAM = V237TD2AXA;
				GENERATE_INFOPLIST_FILE = YES;
				INFOPLIST_FILE = LoaMate/Info.plist;
				INFOPLIST_KEY_UIApplicationSupportsIndirectInputEvents = YES;
				INFOPLIST_KEY_UILaunchStoryboardName = "";
				INFOPLIST_KEY_UIMainStoryboardFile = Main;
				INFOPLIST_KEY_UISupportedInterfaceOrientations = UIInterfaceOrientationPortrait;
				IPHONEOS_DEPLOYMENT_TARGET = 14.0;
				LD_RUNPATH_SEARCH_PATHS = (
					"$(inherited)",
					"@executable_path/Frameworks",
				);
				MARKETING_VERSION = 1.0;
				ONLY_ACTIVE_ARCH = YES;
				PRODUCT_BUNDLE_IDENTIFIER = com.jjikkyu.LoaMate;
				PRODUCT_NAME = "$(TARGET_NAME)";
				SWIFT_EMIT_LOC_STRINGS = YES;
				SWIFT_VERSION = 5.0;
				TARGETED_DEVICE_FAMILY = "1,2";
			};
			name = Debug;
		};
		FCE82A2E29405A4A00442771 /* Release */ = {
			isa = XCBuildConfiguration;
			baseConfigurationReference = 54FCBF1EAC85AB6CE8D9FAAC /* Pods-LoaMate.release.xcconfig */;
			buildSettings = {
				ASSETCATALOG_COMPILER_APPICON_NAME = AppIcon;
				ASSETCATALOG_COMPILER_GLOBAL_ACCENT_COLOR_NAME = AccentColor;
				ASSETCATALOG_COMPILER_INCLUDE_ALL_APPICON_ASSETS = NO;
				CODE_SIGN_ENTITLEMENTS = LoaMate/LoaMate.entitlements;
				CODE_SIGN_STYLE = Automatic;
				CURRENT_PROJECT_VERSION = 1;
				DEVELOPMENT_TEAM = V237TD2AXA;
				GENERATE_INFOPLIST_FILE = YES;
				INFOPLIST_FILE = LoaMate/Info.plist;
				INFOPLIST_KEY_UIApplicationSupportsIndirectInputEvents = YES;
				INFOPLIST_KEY_UILaunchStoryboardName = "";
				INFOPLIST_KEY_UIMainStoryboardFile = Main;
				INFOPLIST_KEY_UISupportedInterfaceOrientations = UIInterfaceOrientationPortrait;
				IPHONEOS_DEPLOYMENT_TARGET = 14.0;
				LD_RUNPATH_SEARCH_PATHS = (
					"$(inherited)",
					"@executable_path/Frameworks",
				);
				MARKETING_VERSION = 1.0;
				ONLY_ACTIVE_ARCH = YES;
				PRODUCT_BUNDLE_IDENTIFIER = com.jjikkyu.LoaMate;
				PRODUCT_NAME = "$(TARGET_NAME)";
				SWIFT_EMIT_LOC_STRINGS = YES;
				SWIFT_VERSION = 5.0;
				TARGETED_DEVICE_FAMILY = "1,2";
			};
			name = Release;
		};
		FCE82A3029405A4A00442771 /* Debug */ = {
			isa = XCBuildConfiguration;
			baseConfigurationReference = 8CA716B73D7F6C61F6303D02 /* Pods-LoaMateTests.debug.xcconfig */;
			buildSettings = {
				ALWAYS_EMBED_SWIFT_STANDARD_LIBRARIES = YES;
				BUNDLE_LOADER = "$(TEST_HOST)";
				CODE_SIGN_STYLE = Automatic;
				CURRENT_PROJECT_VERSION = 1;
				DEVELOPMENT_TEAM = V237TD2AXA;
				GENERATE_INFOPLIST_FILE = YES;
				IPHONEOS_DEPLOYMENT_TARGET = 15.5;
				MARKETING_VERSION = 1.0;
				PRODUCT_BUNDLE_IDENTIFIER = com.jjikkyu.LoaMateTests;
				PRODUCT_NAME = "$(TARGET_NAME)";
				SWIFT_EMIT_LOC_STRINGS = NO;
				SWIFT_VERSION = 5.0;
				TARGETED_DEVICE_FAMILY = "1,2";
				TEST_HOST = "$(BUILT_PRODUCTS_DIR)/LoaMate.app/LoaMate";
			};
			name = Debug;
		};
		FCE82A3129405A4A00442771 /* Release */ = {
			isa = XCBuildConfiguration;
			baseConfigurationReference = 9E7D45C3C378BB6AD84E2963 /* Pods-LoaMateTests.release.xcconfig */;
			buildSettings = {
				ALWAYS_EMBED_SWIFT_STANDARD_LIBRARIES = YES;
				BUNDLE_LOADER = "$(TEST_HOST)";
				CODE_SIGN_STYLE = Automatic;
				CURRENT_PROJECT_VERSION = 1;
				DEVELOPMENT_TEAM = V237TD2AXA;
				GENERATE_INFOPLIST_FILE = YES;
				IPHONEOS_DEPLOYMENT_TARGET = 15.5;
				MARKETING_VERSION = 1.0;
				PRODUCT_BUNDLE_IDENTIFIER = com.jjikkyu.LoaMateTests;
				PRODUCT_NAME = "$(TARGET_NAME)";
				SWIFT_EMIT_LOC_STRINGS = NO;
				SWIFT_VERSION = 5.0;
				TARGETED_DEVICE_FAMILY = "1,2";
				TEST_HOST = "$(BUILT_PRODUCTS_DIR)/LoaMate.app/LoaMate";
			};
			name = Release;
		};
		FCE82A3329405A4A00442771 /* Debug */ = {
			isa = XCBuildConfiguration;
			baseConfigurationReference = A8E7147FEC4B0A11C7B8C7AD /* Pods-LoaMate-LoaMateUITests.debug.xcconfig */;
			buildSettings = {
				ALWAYS_EMBED_SWIFT_STANDARD_LIBRARIES = YES;
				CODE_SIGN_STYLE = Automatic;
				CURRENT_PROJECT_VERSION = 1;
				DEVELOPMENT_TEAM = V237TD2AXA;
				GENERATE_INFOPLIST_FILE = YES;
				MARKETING_VERSION = 1.0;
				PRODUCT_BUNDLE_IDENTIFIER = com.jjikkyu.LoaMateUITests;
				PRODUCT_NAME = "$(TARGET_NAME)";
				SWIFT_EMIT_LOC_STRINGS = NO;
				SWIFT_VERSION = 5.0;
				TARGETED_DEVICE_FAMILY = "1,2";
				TEST_TARGET_NAME = LoaMate;
			};
			name = Debug;
		};
		FCE82A3429405A4A00442771 /* Release */ = {
			isa = XCBuildConfiguration;
			baseConfigurationReference = 00E9628C0FCCA73EDBDEE6DE /* Pods-LoaMate-LoaMateUITests.release.xcconfig */;
			buildSettings = {
				ALWAYS_EMBED_SWIFT_STANDARD_LIBRARIES = YES;
				CODE_SIGN_STYLE = Automatic;
				CURRENT_PROJECT_VERSION = 1;
				DEVELOPMENT_TEAM = V237TD2AXA;
				GENERATE_INFOPLIST_FILE = YES;
				MARKETING_VERSION = 1.0;
				PRODUCT_BUNDLE_IDENTIFIER = com.jjikkyu.LoaMateUITests;
				PRODUCT_NAME = "$(TARGET_NAME)";
				SWIFT_EMIT_LOC_STRINGS = NO;
				SWIFT_VERSION = 5.0;
				TARGETED_DEVICE_FAMILY = "1,2";
				TEST_TARGET_NAME = LoaMate;
			};
			name = Release;
		};
/* End XCBuildConfiguration section */

/* Begin XCConfigurationList section */
		FCE829FD29405A4700442771 /* Build configuration list for PBXProject "LoaMate" */ = {
			isa = XCConfigurationList;
			buildConfigurations = (
				FCE82A2A29405A4A00442771 /* Debug */,
				FCE82A2B29405A4A00442771 /* Release */,
			);
			defaultConfigurationIsVisible = 0;
			defaultConfigurationName = Release;
		};
		FCE82A2C29405A4A00442771 /* Build configuration list for PBXNativeTarget "LoaMate" */ = {
			isa = XCConfigurationList;
			buildConfigurations = (
				FCE82A2D29405A4A00442771 /* Debug */,
				FCE82A2E29405A4A00442771 /* Release */,
			);
			defaultConfigurationIsVisible = 0;
			defaultConfigurationName = Release;
		};
		FCE82A2F29405A4A00442771 /* Build configuration list for PBXNativeTarget "LoaMateTests" */ = {
			isa = XCConfigurationList;
			buildConfigurations = (
				FCE82A3029405A4A00442771 /* Debug */,
				FCE82A3129405A4A00442771 /* Release */,
			);
			defaultConfigurationIsVisible = 0;
			defaultConfigurationName = Release;
		};
		FCE82A3229405A4A00442771 /* Build configuration list for PBXNativeTarget "LoaMateUITests" */ = {
			isa = XCConfigurationList;
			buildConfigurations = (
				FCE82A3329405A4A00442771 /* Debug */,
				FCE82A3429405A4A00442771 /* Release */,
			);
			defaultConfigurationIsVisible = 0;
			defaultConfigurationName = Release;
		};
/* End XCConfigurationList section */
	};
	rootObject = FCE829FA29405A4700442771 /* Project object */;
}
